
Microsoft Visual Studio Solution File, Format Version 12.00
# Visual Studio Version 16
VisualStudioVersion = 16.0.30517.126
MinimumVisualStudioVersion = 10.0.40219.1
Project("{FAE04EC0-301F-11D3-BF4B-00C04F79EFBC}") = "ProjectManager", "ProjectManager.csproj", "{AE703A24-E1E1-4C7D-AB0A-3FEB0497B3EA}"
EndProject
Project("{FAE04EC0-301F-11D3-BF4B-00C04F79EFBC}") = "ProjectManagerTests", "..\ProjectManagerTests\ProjectManagerTests.csproj", "{268560CF-AA36-4842-BA79-0663BCEAB654}"
EndProject
Global
	GlobalSection(SolutionConfigurationPlatforms) = preSolution
		Debug|Any CPU = Debug|Any CPU
		Release|Any CPU = Release|Any CPU
	EndGlobalSection
	GlobalSection(ProjectConfigurationPlatforms) = postSolution
		{AE703A24-E1E1-4C7D-AB0A-3FEB0497B3EA}.Debug|Any CPU.ActiveCfg = Debug|Any CPU
		{AE703A24-E1E1-4C7D-AB0A-3FEB0497B3EA}.Debug|Any CPU.Build.0 = Debug|Any CPU
		{AE703A24-E1E1-4C7D-AB0A-3FEB0497B3EA}.Release|Any CPU.ActiveCfg = Release|Any CPU
		{AE703A24-E1E1-4C7D-AB0A-3FEB0497B3EA}.Release|Any CPU.Build.0 = Release|Any CPU
		{268560CF-AA36-4842-BA79-0663BCEAB654}.Debug|Any CPU.ActiveCfg = Debug|Any CPU
		{268560CF-AA36-4842-BA79-0663BCEAB654}.Debug|Any CPU.Build.0 = Debug|Any CPU
		{268560CF-AA36-4842-BA79-0663BCEAB654}.Release|Any CPU.ActiveCfg = Release|Any CPU
		{268560CF-AA36-4842-BA79-0663BCEAB654}.Release|Any CPU.Build.0 = Release|Any CPU
	EndGlobalSection
	GlobalSection(SolutionProperties) = preSolution
		HideSolutionNode = FALSE
	EndGlobalSection
	GlobalSection(ExtensibilityGlobals) = postSolution
		SolutionGuid = {54A71241-5C08-4852-9850-F114577D33B1}
	EndGlobalSection
EndGlobal
